
Microsoft Visual Studio Solution File, Format Version 12.00
# Visual Studio 14
VisualStudioVersion = 14.0.25420.1
MinimumVisualStudioVersion = 10.0.40219.1
Project("{2150E333-8FDC-42A3-9474-1A3956D46DE8}") = "src", "src", "{96DD292F-6F71-4FD3-B52F-EDFB14F0E7BF}"
EndProject
Project("{2150E333-8FDC-42A3-9474-1A3956D46DE8}") = "Solution Items", "Solution Items", "{1368A7DF-783B-47E7-BCF6-9F6C1424F5BD}"
	ProjectSection(SolutionItems) = preProject
		global.json = global.json
	EndProjectSection
EndProject
Project("{8BB2217D-0F2D-49D1-97BC-3654ED321F3B}") = "BristleconeTemplate", "src\BristleconeTemplate\BristleconeTemplate.xproj", "{194FE998-9731-4EA0-A64F-15E9305FD24D}"
EndProject
Global
	GlobalSection(SolutionConfigurationPlatforms) = preSolution
		Debug|Any CPU = Debug|Any CPU
		Release|Any CPU = Release|Any CPU
	EndGlobalSection
	GlobalSection(ProjectConfigurationPlatforms) = postSolution
		{194FE998-9731-4EA0-A64F-15E9305FD24D}.Debug|Any CPU.ActiveCfg = Debug|Any CPU
		{194FE998-9731-4EA0-A64F-15E9305FD24D}.Debug|Any CPU.Build.0 = Debug|Any CPU
		{194FE998-9731-4EA0-A64F-15E9305FD24D}.Release|Any CPU.ActiveCfg = Release|Any CPU
		{194FE998-9731-4EA0-A64F-15E9305FD24D}.Release|Any CPU.Build.0 = Release|Any CPU
	EndGlobalSection
	GlobalSection(SolutionProperties) = preSolution
		HideSolutionNode = FALSE
	EndGlobalSection
	GlobalSection(NestedProjects) = preSolution
		{194FE998-9731-4EA0-A64F-15E9305FD24D} = {96DD292F-6F71-4FD3-B52F-EDFB14F0E7BF}
	EndGlobalSection
EndGlobal
